// !$*UTF8*$!
{
	archiveVersion = 1;
	classes = {
	};
	objectVersion = 50;
	objects = {

/* Begin PBXBuildFile section */
		B211D841269D182E00A5E043 /* DetailView.swift in Sources */ = {isa = PBXBuildFile; fileRef = B211D840269D182E00A5E043 /* DetailView.swift */; };
		B256958B26A2EC2100B4A157 /* MeetingHeaderView.swift in Sources */ = {isa = PBXBuildFile; fileRef = B256958A26A2EC2100B4A157 /* MeetingHeaderView.swift */; };
		B256958E26A2F8A600B4A157 /* ScrumTimer.swift in Sources */ = {isa = PBXBuildFile; fileRef = B256958D26A2F8A600B4A157 /* ScrumTimer.swift */; };
		B256959226A2FC1C00B4A157 /* ScrumProgressViewStyle.swift in Sources */ = {isa = PBXBuildFile; fileRef = B256959126A2FC1C00B4A157 /* ScrumProgressViewStyle.swift */; };
		B256959526A30F3F00B4A157 /* MeetingFooterView.swift in Sources */ = {isa = PBXBuildFile; fileRef = B256959426A30F3F00B4A157 /* MeetingFooterView.swift */; };
		B256959D26A31B0000B4A157 /* ding.wav in Resources */ = {isa = PBXBuildFile; fileRef = B256959C26A31B0000B4A157 /* ding.wav */; };
		B25695A326A31DE600B4A157 /* AVPlayer+Ding.swift in Sources */ = {isa = PBXBuildFile; fileRef = B25695A226A31DE600B4A157 /* AVPlayer+Ding.swift */; };
		B267FDCF269B403600BDD046 /* DailyScrum.swift in Sources */ = {isa = PBXBuildFile; fileRef = B267FDCE269B403600BDD046 /* DailyScrum.swift */; };
		B267FDD6269B423000BDD046 /* CardView.swift in Sources */ = {isa = PBXBuildFile; fileRef = B267FDD5269B422F00BDD046 /* CardView.swift */; };
		B267FDD9269B58C000BDD046 /* ScrumsView.swift in Sources */ = {isa = PBXBuildFile; fileRef = B267FDD8269B58C000BDD046 /* ScrumsView.swift */; };
		B2814898269B2688001164C4 /* ScrumdingerApp.swift in Sources */ = {isa = PBXBuildFile; fileRef = B2814897269B2688001164C4 /* ScrumdingerApp.swift */; };
		B281489A269B2688001164C4 /* MeetingView.swift in Sources */ = {isa = PBXBuildFile; fileRef = B2814899269B2688001164C4 /* MeetingView.swift */; };
		B281489C269B268C001164C4 /* Assets.xcassets in Resources */ = {isa = PBXBuildFile; fileRef = B281489B269B268C001164C4 /* Assets.xcassets */; };
		B281489F269B268C001164C4 /* Preview Assets.xcassets in Resources */ = {isa = PBXBuildFile; fileRef = B281489E269B268C001164C4 /* Preview Assets.xcassets */; };
		B28B83F226A6A58C00026CB7 /* History.swift in Sources */ = {isa = PBXBuildFile; fileRef = B28B83F126A6A58C00026CB7 /* History.swift */; };
		B2D9144B269E430D004BF194 /* Color+Codable.swift in Sources */ = {isa = PBXBuildFile; fileRef = B2D9144A269E430D004BF194 /* Color+Codable.swift */; };
		B2D9144E269E6050004BF194 /* EditView.swift in Sources */ = {isa = PBXBuildFile; fileRef = B2D9144D269E6050004BF194 /* EditView.swift */; };
/* End PBXBuildFile section */

/* Begin PBXFileReference section */
		B211D840269D182E00A5E043 /* DetailView.swift */ = {isa = PBXFileReference; lastKnownFileType = sourcecode.swift; path = DetailView.swift; sourceTree = "<group>"; };
		B256958A26A2EC2100B4A157 /* MeetingHeaderView.swift */ = {isa = PBXFileReference; lastKnownFileType = sourcecode.swift; path = MeetingHeaderView.swift; sourceTree = "<group>"; };
		B256958D26A2F8A600B4A157 /* ScrumTimer.swift */ = {isa = PBXFileReference; lastKnownFileType = sourcecode.swift; path = ScrumTimer.swift; sourceTree = "<group>"; };
		B256959126A2FC1C00B4A157 /* ScrumProgressViewStyle.swift */ = {isa = PBXFileReference; lastKnownFileType = sourcecode.swift; path = ScrumProgressViewStyle.swift; sourceTree = "<group>"; };
		B256959426A30F3F00B4A157 /* MeetingFooterView.swift */ = {isa = PBXFileReference; lastKnownFileType = sourcecode.swift; path = MeetingFooterView.swift; sourceTree = "<group>"; };
		B256959C26A31B0000B4A157 /* ding.wav */ = {isa = PBXFileReference; lastKnownFileType = audio.wav; path = ding.wav; sourceTree = "<group>"; };
		B25695A226A31DE600B4A157 /* AVPlayer+Ding.swift */ = {isa = PBXFileReference; lastKnownFileType = sourcecode.swift; path = "AVPlayer+Ding.swift"; sourceTree = "<group>"; };
		B267FDCE269B403600BDD046 /* DailyScrum.swift */ = {isa = PBXFileReference; lastKnownFileType = sourcecode.swift; path = DailyScrum.swift; sourceTree = "<group>"; };
		B267FDD5269B422F00BDD046 /* CardView.swift */ = {isa = PBXFileReference; lastKnownFileType = sourcecode.swift; path = CardView.swift; sourceTree = "<group>"; };
		B267FDD8269B58C000BDD046 /* ScrumsView.swift */ = {isa = PBXFileReference; lastKnownFileType = sourcecode.swift; path = ScrumsView.swift; sourceTree = "<group>"; };
		B2814894269B2688001164C4 /* Scrumdinger.app */ = {isa = PBXFileReference; explicitFileType = wrapper.application; includeInIndex = 0; path = Scrumdinger.app; sourceTree = BUILT_PRODUCTS_DIR; };
		B2814897269B2688001164C4 /* ScrumdingerApp.swift */ = {isa = PBXFileReference; lastKnownFileType = sourcecode.swift; path = ScrumdingerApp.swift; sourceTree = "<group>"; };
		B2814899269B2688001164C4 /* MeetingView.swift */ = {isa = PBXFileReference; lastKnownFileType = sourcecode.swift; path = MeetingView.swift; sourceTree = "<group>"; };
		B281489B269B268C001164C4 /* Assets.xcassets */ = {isa = PBXFileReference; lastKnownFileType = folder.assetcatalog; path = Assets.xcassets; sourceTree = "<group>"; };
		B281489E269B268C001164C4 /* Preview Assets.xcassets */ = {isa = PBXFileReference; lastKnownFileType = folder.assetcatalog; path = "Preview Assets.xcassets"; sourceTree = "<group>"; };
		B28148A0269B268C001164C4 /* Info.plist */ = {isa = PBXFileReference; lastKnownFileType = text.plist.xml; path = Info.plist; sourceTree = "<group>"; };
		B28B83F126A6A58C00026CB7 /* History.swift */ = {isa = PBXFileReference; lastKnownFileType = sourcecode.swift; path = History.swift; sourceTree = "<group>"; };
		B2D9144A269E430D004BF194 /* Color+Codable.swift */ = {isa = PBXFileReference; lastKnownFileType = sourcecode.swift; path = "Color+Codable.swift"; sourceTree = "<group>"; };
		B2D9144D269E6050004BF194 /* EditView.swift */ = {isa = PBXFileReference; lastKnownFileType = sourcecode.swift; path = EditView.swift; sourceTree = "<group>"; };
/* End PBXFileReference section */

/* Begin PBXFrameworksBuildPhase section */
		B2814891269B2688001164C4 /* Frameworks */ = {
			isa = PBXFrameworksBuildPhase;
			buildActionMask = 2147483647;
			files = (
			);
			runOnlyForDeploymentPostprocessing = 0;
		};
/* End PBXFrameworksBuildPhase section */

/* Begin PBXGroup section */
		B25695A026A31B1500B4A157 /* Resources */ = {
			isa = PBXGroup;
			children = (
				B256959C26A31B0000B4A157 /* ding.wav */,
			);
			path = Resources;
			sourceTree = "<group>";
		};
		B281488B269B2688001164C4 = {
			isa = PBXGroup;
			children = (
				B2814896269B2688001164C4 /* Scrumdinger */,
				B2814895269B2688001164C4 /* Products */,
			);
			sourceTree = "<group>";
		};
		B2814895269B2688001164C4 /* Products */ = {
			isa = PBXGroup;
			children = (
				B2814894269B2688001164C4 /* Scrumdinger.app */,
			);
			name = Products;
			sourceTree = "<group>";
		};
		B2814896269B2688001164C4 /* Scrumdinger */ = {
			isa = PBXGroup;
			children = (
				B2814897269B2688001164C4 /* ScrumdingerApp.swift */,
				B2814899269B2688001164C4 /* MeetingView.swift */,
				B267FDCE269B403600BDD046 /* DailyScrum.swift */,
				B267FDD5269B422F00BDD046 /* CardView.swift */,
				B267FDD8269B58C000BDD046 /* ScrumsView.swift */,
				B281489B269B268C001164C4 /* Assets.xcassets */,
				B25695A026A31B1500B4A157 /* Resources */,
				B28148A0269B268C001164C4 /* Info.plist */,
				B281489D269B268C001164C4 /* Preview Content */,
				B211D840269D182E00A5E043 /* DetailView.swift */,
				B2D9144A269E430D004BF194 /* Color+Codable.swift */,
				B2D9144D269E6050004BF194 /* EditView.swift */,
				B256958A26A2EC2100B4A157 /* MeetingHeaderView.swift */,
				B256958D26A2F8A600B4A157 /* ScrumTimer.swift */,
				B256959126A2FC1C00B4A157 /* ScrumProgressViewStyle.swift */,
				B256959426A30F3F00B4A157 /* MeetingFooterView.swift */,
				B25695A226A31DE600B4A157 /* AVPlayer+Ding.swift */,
				B28B83F126A6A58C00026CB7 /* History.swift */,
			);
			path = Scrumdinger;
			sourceTree = "<group>";
		};
		B281489D269B268C001164C4 /* Preview Content */ = {
			isa = PBXGroup;
			children = (
				B281489E269B268C001164C4 /* Preview Assets.xcassets */,
			);
			path = "Preview Content";
			sourceTree = "<group>";
		};
/* End PBXGroup section */

/* Begin PBXNativeTarget section */
		B2814893269B2688001164C4 /* Scrumdinger */ = {
			isa = PBXNativeTarget;
			buildConfigurationList = B28148A3269B268C001164C4 /* Build configuration list for PBXNativeTarget "Scrumdinger" */;
			buildPhases = (
				B2814890269B2688001164C4 /* Sources */,
				B2814891269B2688001164C4 /* Frameworks */,
				B2814892269B2688001164C4 /* Resources */,
			);
			buildRules = (
			);
			dependencies = (
			);
			name = Scrumdinger;
			productName = Scrumdinger;
			productReference = B2814894269B2688001164C4 /* Scrumdinger.app */;
			productType = "com.apple.product-type.application";
		};
/* End PBXNativeTarget section */

/* Begin PBXProject section */
		B281488C269B2688001164C4 /* Project object */ = {
			isa = PBXProject;
			attributes = {
				LastSwiftUpdateCheck = 1220;
				LastUpgradeCheck = 1220;
				TargetAttributes = {
					B2814893269B2688001164C4 = {
						CreatedOnToolsVersion = 12.2;
					};
				};
			};
			buildConfigurationList = B281488F269B2688001164C4 /* Build configuration list for PBXProject "Scrumdinger" */;
			compatibilityVersion = "Xcode 9.3";
			developmentRegion = en;
			hasScannedForEncodings = 0;
			knownRegions = (
				en,
				Base,
			);
			mainGroup = B281488B269B2688001164C4;
			productRefGroup = B2814895269B2688001164C4 /* Products */;
			projectDirPath = "";
			projectRoot = "";
			targets = (
				B2814893269B2688001164C4 /* Scrumdinger */,
			);
		};
/* End PBXProject section */

/* Begin PBXResourcesBuildPhase section */
		B2814892269B2688001164C4 /* Resources */ = {
			isa = PBXResourcesBuildPhase;
			buildActionMask = 2147483647;
			files = (
				B256959D26A31B0000B4A157 /* ding.wav in Resources */,
				B281489F269B268C001164C4 /* Preview Assets.xcassets in Resources */,
				B281489C269B268C001164C4 /* Assets.xcassets in Resources */,
			);
			runOnlyForDeploymentPostprocessing = 0;
		};
/* End PBXResourcesBuildPhase section */

/* Begin PBXSourcesBuildPhase section */
		B2814890269B2688001164C4 /* Sources */ = {
			isa = PBXSourcesBuildPhase;
			buildActionMask = 2147483647;
			files = (
				B281489A269B2688001164C4 /* MeetingView.swift in Sources */,
				B211D841269D182E00A5E043 /* DetailView.swift in Sources */,
				B28B83F226A6A58C00026CB7 /* History.swift in Sources */,
				B2D9144E269E6050004BF194 /* EditView.swift in Sources */,
				B25695A326A31DE600B4A157 /* AVPlayer+Ding.swift in Sources */,
				B256958B26A2EC2100B4A157 /* MeetingHeaderView.swift in Sources */,
				B256958E26A2F8A600B4A157 /* ScrumTimer.swift in Sources */,
				B256959526A30F3F00B4A157 /* MeetingFooterView.swift in Sources */,
				B267FDCF269B403600BDD046 /* DailyScrum.swift in Sources */,
				B2D9144B269E430D004BF194 /* Color+Codable.swift in Sources */,
				B267FDD6269B423000BDD046 /* CardView.swift in Sources */,
				B267FDD9269B58C000BDD046 /* ScrumsView.swift in Sources */,
				B2814898269B2688001164C4 /* ScrumdingerApp.swift in Sources */,
				B256959226A2FC1C00B4A157 /* ScrumProgressViewStyle.swift in Sources */,
			);
			runOnlyForDeploymentPostprocessing = 0;
		};
/* End PBXSourcesBuildPhase section */

/* Begin XCBuildConfiguration section */
		B28148A1269B268C001164C4 /* Debug */ = {
			isa = XCBuildConfiguration;
			buildSettings = {
				ALWAYS_SEARCH_USER_PATHS = NO;
				CLANG_ANALYZER_NONNULL = YES;
				CLANG_ANALYZER_NUMBER_OBJECT_CONVERSION = YES_AGGRESSIVE;
				CLANG_CXX_LANGUAGE_STANDARD = "gnu++14";
				CLANG_CXX_LIBRARY = "libc++";
				CLANG_ENABLE_MODULES = YES;
				CLANG_ENABLE_OBJC_ARC = YES;
				CLANG_ENABLE_OBJC_WEAK = YES;
				CLANG_WARN_BLOCK_CAPTURE_AUTORELEASING = YES;
				CLANG_WARN_BOOL_CONVERSION = YES;
				CLANG_WARN_COMMA = YES;
				CLANG_WARN_CONSTANT_CONVERSION = YES;
				CLANG_WARN_DEPRECATED_OBJC_IMPLEMENTATIONS = YES;
				CLANG_WARN_DIRECT_OBJC_ISA_USAGE = YES_ERROR;
				CLANG_WARN_DOCUMENTATION_COMMENTS = YES;
				CLANG_WARN_EMPTY_BODY = YES;
				CLANG_WARN_ENUM_CONVERSION = YES;
				CLANG_WARN_INFINITE_RECURSION = YES;
				CLANG_WARN_INT_CONVERSION = YES;
				CLANG_WARN_NON_LITERAL_NULL_CONVERSION = YES;
				CLANG_WARN_OBJC_IMPLICIT_RETAIN_SELF = YES;
				CLANG_WARN_OBJC_LITERAL_CONVERSION = YES;
				CLANG_WARN_OBJC_ROOT_CLASS = YES_ERROR;
				CLANG_WARN_QUOTED_INCLUDE_IN_FRAMEWORK_HEADER = YES;
				CLANG_WARN_RANGE_LOOP_ANALYSIS = YES;
				CLANG_WARN_STRICT_PROTOTYPES = YES;
				CLANG_WARN_SUSPICIOUS_MOVE = YES;
				CLANG_WARN_UNGUARDED_AVAILABILITY = YES_AGGRESSIVE;
				CLANG_WARN_UNREACHABLE_CODE = YES;
				CLANG_WARN__DUPLICATE_METHOD_MATCH = YES;
				COPY_PHASE_STRIP = NO;
				DEBUG_INFORMATION_FORMAT = dwarf;
				ENABLE_STRICT_OBJC_MSGSEND = YES;
				ENABLE_TESTABILITY = YES;
				GCC_C_LANGUAGE_STANDARD = gnu11;
				GCC_DYNAMIC_NO_PIC = NO;
				GCC_NO_COMMON_BLOCKS = YES;
				GCC_OPTIMIZATION_LEVEL = 0;
				GCC_PREPROCESSOR_DEFINITIONS = (
					"DEBUG=1",
					"$(inherited)",
				);
				GCC_WARN_64_TO_32_BIT_CONVERSION = YES;
				GCC_WARN_ABOUT_RETURN_TYPE = YES_ERROR;
				GCC_WARN_UNDECLARED_SELECTOR = YES;
				GCC_WARN_UNINITIALIZED_AUTOS = YES_AGGRESSIVE;
				GCC_WARN_UNUSED_FUNCTION = YES;
				GCC_WARN_UNUSED_VARIABLE = YES;
				IPHONEOS_DEPLOYMENT_TARGET = 14.2;
				MTL_ENABLE_DEBUG_INFO = INCLUDE_SOURCE;
				MTL_FAST_MATH = YES;
				ONLY_ACTIVE_ARCH = YES;
				SDKROOT = iphoneos;
				SWIFT_ACTIVE_COMPILATION_CONDITIONS = DEBUG;
				SWIFT_OPTIMIZATION_LEVEL = "-Onone";
			};
			name = Debug;
		};
		B28148A2269B268C001164C4 /* Release */ = {
			isa = XCBuildConfiguration;
			buildSettings = {
				ALWAYS_SEARCH_USER_PATHS = NO;
				CLANG_ANALYZER_NONNULL = YES;
				CLANG_ANALYZER_NUMBER_OBJECT_CONVERSION = YES_AGGRESSIVE;
				CLANG_CXX_LANGUAGE_STANDARD = "gnu++14";
				CLANG_CXX_LIBRARY = "libc++";
				CLANG_ENABLE_MODULES = YES;
				CLANG_ENABLE_OBJC_ARC = YES;
				CLANG_ENABLE_OBJC_WEAK = YES;
				CLANG_WARN_BLOCK_CAPTURE_AUTORELEASING = YES;
				CLANG_WARN_BOOL_CONVERSION = YES;
				CLANG_WARN_COMMA = YES;
				CLANG_WARN_CONSTANT_CONVERSION = YES;
				CLANG_WARN_DEPRECATED_OBJC_IMPLEMENTATIONS = YES;
				CLANG_WARN_DIRECT_OBJC_ISA_USAGE = YES_ERROR;
				CLANG_WARN_DOCUMENTATION_COMMENTS = YES;
				CLANG_WARN_EMPTY_BODY = YES;
				CLANG_WARN_ENUM_CONVERSION = YES;
				CLANG_WARN_INFINITE_RECURSION = YES;
				CLANG_WARN_INT_CONVERSION = YES;
				CLANG_WARN_NON_LITERAL_NULL_CONVERSION = YES;
				CLANG_WARN_OBJC_IMPLICIT_RETAIN_SELF = YES;
				CLANG_WARN_OBJC_LITERAL_CONVERSION = YES;
				CLANG_WARN_OBJC_ROOT_CLASS = YES_ERROR;
				CLANG_WARN_QUOTED_INCLUDE_IN_FRAMEWORK_HEADER = YES;
				CLANG_WARN_RANGE_LOOP_ANALYSIS = YES;
				CLANG_WARN_STRICT_PROTOTYPES = YES;
				CLANG_WARN_SUSPICIOUS_MOVE = YES;
				CLANG_WARN_UNGUARDED_AVAILABILITY = YES_AGGRESSIVE;
				CLANG_WARN_UNREACHABLE_CODE = YES;
				CLANG_WARN__DUPLICATE_METHOD_MATCH = YES;
				COPY_PHASE_STRIP = NO;
				DEBUG_INFORMATION_FORMAT = "dwarf-with-dsym";
				ENABLE_NS_ASSERTIONS = NO;
				ENABLE_STRICT_OBJC_MSGSEND = YES;
				GCC_C_LANGUAGE_STANDARD = gnu11;
				GCC_NO_COMMON_BLOCKS = YES;
				GCC_WARN_64_TO_32_BIT_CONVERSION = YES;
				GCC_WARN_ABOUT_RETURN_TYPE = YES_ERROR;
				GCC_WARN_UNDECLARED_SELECTOR = YES;
				GCC_WARN_UNINITIALIZED_AUTOS = YES_AGGRESSIVE;
				GCC_WARN_UNUSED_FUNCTION = YES;
				GCC_WARN_UNUSED_VARIABLE = YES;
				IPHONEOS_DEPLOYMENT_TARGET = 14.2;
				MTL_ENABLE_DEBUG_INFO = NO;
				MTL_FAST_MATH = YES;
				SDKROOT = iphoneos;
				SWIFT_COMPILATION_MODE = wholemodule;
				SWIFT_OPTIMIZATION_LEVEL = "-O";
				VALIDATE_PRODUCT = YES;
			};
			name = Release;
		};
		B28148A4269B268C001164C4 /* Debug */ = {
			isa = XCBuildConfiguration;
			buildSettings = {
				ASSETCATALOG_COMPILER_APPICON_NAME = AppIcon;
				ASSETCATALOG_COMPILER_GLOBAL_ACCENT_COLOR_NAME = AccentColor;
				CODE_SIGN_STYLE = Automatic;
				DEVELOPMENT_ASSET_PATHS = "\"Scrumdinger/Preview Content\"";
				DEVELOPMENT_TEAM = 9WTXG2G2BJ;
				ENABLE_PREVIEWS = YES;
				INFOPLIST_FILE = Scrumdinger/Info.plist;
				IPHONEOS_DEPLOYMENT_TARGET = 14.0;
				LD_RUNPATH_SEARCH_PATHS = (
					"$(inherited)",
					"@executable_path/Frameworks",
				);
				PRODUCT_BUNDLE_IDENTIFIER = tech.diayansiat.Scrumdinger;
				PRODUCT_NAME = "$(TARGET_NAME)";
				SWIFT_VERSION = 5.0;
				TARGETED_DEVICE_FAMILY = "1,2";
			};
			name = Debug;
		};
		B28148A5269B268C001164C4 /* Release */ = {
			isa = XCBuildConfiguration;
			buildSettings = {
				ASSETCATALOG_COMPILER_APPICON_NAME = AppIcon;
				ASSETCATALOG_COMPILER_GLOBAL_ACCENT_COLOR_NAME = AccentColor;
				CODE_SIGN_STYLE = Automatic;
				DEVELOPMENT_ASSET_PATHS = "\"Scrumdinger/Preview Content\"";
				DEVELOPMENT_TEAM = 9WTXG2G2BJ;
				ENABLE_PREVIEWS = YES;
				INFOPLIST_FILE = Scrumdinger/Info.plist;
				IPHONEOS_DEPLOYMENT_TARGET = 14.0;
				LD_RUNPATH_SEARCH_PATHS = (
					"$(inherited)",
					"@executable_path/Frameworks",
				);
				PRODUCT_BUNDLE_IDENTIFIER = tech.diayansiat.Scrumdinger;
				PRODUCT_NAME = "$(TARGET_NAME)";
				SWIFT_VERSION = 5.0;
				TARGETED_DEVICE_FAMILY = "1,2";
			};
			name = Release;
		};
/* End XCBuildConfiguration section */

/* Begin XCConfigurationList section */
		B281488F269B2688001164C4 /* Build configuration list for PBXProject "Scrumdinger" */ = {
			isa = XCConfigurationList;
			buildConfigurations = (
				B28148A1269B268C001164C4 /* Debug */,
				B28148A2269B268C001164C4 /* Release */,
			);
			defaultConfigurationIsVisible = 0;
			defaultConfigurationName = Release;
		};
		B28148A3269B268C001164C4 /* Build configuration list for PBXNativeTarget "Scrumdinger" */ = {
			isa = XCConfigurationList;
			buildConfigurations = (
				B28148A4269B268C001164C4 /* Debug */,
				B28148A5269B268C001164C4 /* Release */,
			);
			defaultConfigurationIsVisible = 0;
			defaultConfigurationName = Release;
		};
/* End XCConfigurationList section */
	};
	rootObject = B281488C269B2688001164C4 /* Project object */;
}
